# This file is autogenerated, do not edit; changes may be undone by the next 'dep ensure'.


[[projects]]
  digest = "1:216bdf1aa3ee591936006aaa107d33853204efb0d4d7801804a4cf7ca58076c7"
  name = "github.com/OWASP/Amass"
  packages = [
    "config",
    "enum",
    "eventbus",
    "format",
    "graph",
    "limits",
    "net",
    "net/dns",
    "net/http",
    "queue",
    "requests",
    "resolvers",
    "semaphore",
    "services",
    "services/sources",
    "stringfilter",
    "stringset",
    "viz",
    "wordlist",
  ]
  pruneopts = "UT"
  revision = "d39fdc17d23d9da1181d0e8a3c0151ea03bba6af"
  version = "v3.1.6"

[[projects]]
  digest = "1:573fa46f8d413d4bc3f7cc5e86b2c43cb21559f4fb0a19d9874d228e28fdc07c"
  name = "github.com/PuerkitoBio/goquery"
  packages = ["."]
  pruneopts = "UT"
  revision = "2d2796f41742ece03e8086188fa4db16a3a0b458"
  version = "v1.5.0"

[[projects]]
  digest = "1:934b92bea00879e24fd429d3fe50cbe1edbb8c4686cf153df48bbced200122a9"
  name = "github.com/TheTannerRyan/ring"
  packages = ["."]
  pruneopts = "UT"
  revision = "0c4726c93e617cbda74c33d3b8ca88a2a4ab54a4"
  version = "v1.1.0"

[[projects]]
  digest = "1:8515c0ca4381246cf332cee05fc84070bbbb07bd679b639161506ba532f47128"
  name = "github.com/VividCortex/gohistogram"
  packages = ["."]
  pruneopts = "UT"
  revision = "51564d9861991fb0ad0f531c99ef602d0f9866e6"
  version = "v1.0.0"

[[projects]]
  digest = "1:66b3310cf22cdc96c35ef84ede4f7b9b370971c4025f394c89a2638729653b11"
  name = "github.com/andybalholm/cascadia"
  packages = ["."]
  pruneopts = "UT"
  revision = "901648c87902174f774fac311d7f176f8647bdaa"
  version = "v1.0.0"

[[projects]]
  digest = "1:d6afaeed1502aa28e80a4ed0981d570ad91b2579193404256ce672ed0a609e0d"
  name = "github.com/beorn7/perks"
  packages = ["quantile"]
  pruneopts = "UT"
  revision = "37c8de3658fcb183f997c4e13e8337516ab753e6"
  version = "v1.0.1"

[[projects]]
  digest = "1:0f98f59e9a2f4070d66f0c9c39561f68fcd1dc837b22a852d28d0003aebd1b1e"
  name = "github.com/boltdb/bolt"
  packages = ["."]
  pruneopts = "UT"
  revision = "2f1ce7a837dcb8da3ec595b1dac9d0632f0f99e8"
  version = "v1.3.1"

[[projects]]
  branch = "master"
  digest = "1:843054093d988cb67d7b5e74fdd9626baa385405db165e443ba75a9841fde2a8"
  name = "github.com/caffix/cloudflare-roundtripper"
  packages = ["cfrt"]
  pruneopts = "UT"
  revision = "4c29d231c9cb6ed0381bd10db5502610a2f59df9"

[[projects]]
  digest = "1:c07e8da3b970b74e14c4637daa31b636042769c655f2d9999a9cfafdbd501cd2"
  name = "github.com/cayleygraph/cayley"
  packages = [
    ".",
    "clog",
    "graph",
    "graph/iterator",
    "graph/kv",
    "graph/kv/bolt",
    "graph/log",
    "graph/memstore",
    "graph/path",
    "graph/proto",
    "graph/shape",
    "internal/lru",
    "quad",
    "quad/pquads",
    "quad/pquads/pio",
    "voc",
    "voc/schema",
    "writer",
  ]
  pruneopts = "UT"
  revision = "6ce5dd09d00aff6942ff0f059366659123b18e41"
  version = "v0.7.5"

[[projects]]
  digest = "1:c1100fc71e23b6a32b2c68a5202a848fd13811d5a10b12edb8019c3667d1cd9a"
  name = "github.com/cenkalti/backoff"
  packages = ["."]
  pruneopts = "UT"
  revision = "4b4cebaf850ec58f1bb1fec5bdebdf8501c2bc3f"
  version = "v3.0.0"

[[projects]]
  branch = "master"
  digest = "1:c4d9b1156dddb93663fc98762f909aac4e13f19209c0031a4ab8cf4fcde7f5f6"
  name = "github.com/chromedp/cdproto"
  packages = [
    ".",
    "accessibility",
    "animation",
    "applicationcache",
    "audits",
    "backgroundservice",
    "browser",
    "cachestorage",
    "cast",
    "cdp",
    "css",
    "database",
    "debugger",
    "deviceorientation",
    "dom",
    "domdebugger",
    "domsnapshot",
    "domstorage",
    "emulation",
    "fetch",
    "headlessexperimental",
    "heapprofiler",
    "indexeddb",
    "input",
    "inspector",
    "io",
    "layertree",
    "log",
    "media",
    "memory",
    "network",
    "overlay",
    "page",
    "performance",
    "profiler",
    "runtime",
    "security",
    "serviceworker",
    "storage",
    "systeminfo",
    "target",
    "tethering",
    "tracing",
    "webaudio",
    "webauthn",
  ]
  pruneopts = "UT"
  revision = "8fce608188652b047250f3a534dd88e0db0741c1"

[[projects]]
  digest = "1:2e5122f1f956687cbebd5e652857b28a593a26eef899ac14c5c3437b6f640cf6"
  name = "github.com/chromedp/chromedp"
  packages = [
    ".",
    "device",
    "kb",
  ]
  pruneopts = "UT"
  revision = "c956994840a529a4f213d4b27346bfeee1beec05"
  version = "v0.4.0"

[[projects]]
  branch = "master"
  digest = "1:577bebb81dd9727b50705e898ee28f8cef844499b033b9a636a5de83ad7c87b5"
  name = "github.com/dghubble/go-twitter"
  packages = ["twitter"]
  pruneopts = "UT"
  revision = "53f972dc4b060ca0107e36a9b118d88c97d816e5"

[[projects]]
  digest = "1:fba61d8584058169c5bd4625196f33077ba937f7131625d4440686c5e4cff380"
  name = "github.com/dghubble/sling"
  packages = ["."]
  pruneopts = "UT"
  revision = "e2624bf29a7de45ab0802b09aea94ca0a7815c5f"
  version = "v1.2.0"

[[projects]]
  digest = "1:865079840386857c809b72ce300be7580cb50d3d3129ce11bf9aa6ca2bc1934a"
  name = "github.com/fatih/color"
  packages = ["."]
  pruneopts = "UT"
  revision = "5b77d2a35fb0ede96d138fc9a99f5c9b6aef11b4"
  version = "v1.7.0"

[[projects]]
  branch = "master"
  digest = "1:36d772fde75089da6f02133d69e491b831181175d4ebd676f4102bcbd3a15ab4"
  name = "github.com/geziyor/geziyor"
  packages = [
    ".",
    "cache",
    "cache/memorycache",
    "client",
    "export",
    "internal",
    "metrics",
    "middleware",
  ]
  pruneopts = "UT"
  revision = "9b8a3837bd4a1e08cc258fd535adbc65c8b59a06"

[[projects]]
  digest = "1:d37c61a335d13bc49b3f90e9e13c8686e4548839b69c58549e727afb2245c454"
  name = "github.com/go-ini/ini"
  packages = ["."]
  pruneopts = "UT"
  revision = "c85607071cf08ca1adaf48319cd1aa322e81d8c1"
  version = "v1.42.0"

[[projects]]
  digest = "1:c4d46b55806ba3a527a895c40fc6f13d7216643888dcb9a9e87194ebfce44026"
  name = "github.com/go-kit/kit"
  packages = [
    "metrics",
    "metrics/discard",
    "metrics/expvar",
    "metrics/generic",
    "metrics/internal/lv",
    "metrics/prometheus",
  ]
  pruneopts = "UT"
  revision = "150a65a7ec6156b4b640c1fd55f26fd3d475d656"
  version = "v0.9.0"

[[projects]]
  digest = "1:57ae8919194013fb07b8390fb8a32e700c12fdab96e8dc4bb15d5fe45dc43245"
  name = "github.com/gobuffalo/envy"
  packages = ["."]
  pruneopts = "UT"
  revision = "909ea676d4c90832fefbf55a5a4fb04d8bef8931"
  version = "v1.7.1"

[[projects]]
  digest = "1:40849e8495ef81a84ff335ef65e23d33671b61e60e9db464fbab55f19f43f120"
  name = "github.com/gobuffalo/packd"
  packages = [
    ".",
    "internal/takeon/github.com/markbates/errx",
  ]
  pruneopts = "UT"
  revision = "54ea459691466cfb630ccc276723fe3963f3e9d5"
  version = "v0.3.0"

[[projects]]
  digest = "1:c2417313bfb312a0c21d33638681bd7390fdf0fb0113dd2a155416d1d0ff4e8d"
  name = "github.com/gobuffalo/packr"
  packages = ["."]
  pruneopts = "UT"
  revision = "b6d537d853119bfd3a31fe49edf53418ce3a00e9"
  version = "v2.6.0"

[[projects]]
  branch = "master"
  digest = "1:368ba96ddacaae2fe265afcac3062a199908f7dc0c6569d6e05a7a13042cccf1"
  name = "github.com/gobwas/httphead"
  packages = ["."]
  pruneopts = "UT"
  revision = "2c6c146eadee0b69f856f87e3e9f1d0cd6aad2f5"

[[projects]]
  digest = "1:bdfe3b97ff03e4f7252c74cfaefb20050a360c8fb760701014ebf99c9540abd1"
  name = "github.com/gobwas/pool"
  packages = [
    ".",
    "internal/pmath",
    "pbufio",
    "pbytes",
  ]
  pruneopts = "UT"
  revision = "fa3125c39d7eca32e1387bb69b1b38dcb31b1e0b"
  version = "v0.2.0"

[[projects]]
  digest = "1:aea6697202cefa9365797c4c8ad0a1dbdf15ba21600ddc599a9000629a2ecb6f"
  name = "github.com/gobwas/ws"
  packages = [
    ".",
    "wsutil",
  ]
  pruneopts = "UT"
  revision = "05baaea2bbcfe8963301c62d9931c882d59595cd"
  version = "v1.0.2"

[[projects]]
  digest = "1:4652941215f23c7ad6546bab86964c72248a1134baa53f0df618661344ba5cac"
  name = "github.com/gogo/protobuf"
  packages = [
    "gogoproto",
    "proto",
    "protoc-gen-gogo/descriptor",
  ]
  pruneopts = "UT"
  revision = "ba06b47c162d49f2af050fb4c75bcbc86a159d5c"
  version = "v1.2.1"

[[projects]]
  digest = "1:318f1c959a8a740366fce4b1e1eb2fd914036b4af58fbd0a003349b305f118ad"
  name = "github.com/golang/protobuf"
  packages = ["proto"]
  pruneopts = "UT"
  revision = "b5d812f8a3706043e23a9cd5babf2e5423744d30"
  version = "v1.3.1"

[[projects]]
  digest = "1:a63cff6b5d8b95638bfe300385d93b2a6d9d687734b863da8e09dc834510a690"
  name = "github.com/google/go-querystring"
  packages = ["query"]
  pruneopts = "UT"
  revision = "44c6ddd0a2342c386950e880b658017258da92fc"
  version = "v1.0.0"

[[projects]]
  digest = "1:582b704bebaa06b48c29b0cec224a6058a09c86883aaddabde889cd1a5f73e1b"
  name = "github.com/google/uuid"
  packages = ["."]
  pruneopts = "UT"
  revision = "0cd6bf5da1e1c83f8b45653022c74f71af0538a4"
  version = "v1.1.1"

[[projects]]
  digest = "1:7b5c6e2eeaa9ae5907c391a91c132abfd5c9e8a784a341b5625e750c67e6825d"
  name = "github.com/gorilla/websocket"
  packages = ["."]
  pruneopts = "UT"
  revision = "66b9c49e59c6c48f0ffce28c2d8b8a5678502c6d"
  version = "v1.4.0"

[[projects]]
  digest = "1:6c41d4f998a03b6604227ccad36edaed6126c397e5d78709ef4814a1145a6757"
  name = "github.com/jmoiron/sqlx"
  packages = [
    ".",
    "reflectx",
  ]
  pruneopts = "UT"
  revision = "d161d7a76b5661016ad0b085869f77fd410f3e6a"
  version = "v1.2.0"

[[projects]]
  digest = "1:ecd9aa82687cf31d1585d4ac61d0ba180e42e8a6182b85bd785fcca8dfeefc1b"
  name = "github.com/joho/godotenv"
  packages = ["."]
  pruneopts = "UT"
  revision = "23d116af351c84513e1946b527c88823e476be13"
  version = "v1.3.0"

[[projects]]
  branch = "master"
  digest = "1:8cb15b21828b36ad568850d0ecb9340e22b148c8c6755f4a3d7918021bfc38a2"
  name = "github.com/knq/sysutil"
  packages = ["."]
  pruneopts = "UT"
  revision = "f05b59f0f3075ba1bc5701ef0df4393a05ebd0e7"

[[projects]]
  digest = "1:bdd53b87de8185da386bae179c84d4848854c6870bacacf6a154fe63e2e750f7"
  name = "github.com/lib/pq"
  packages = [
    ".",
    "oid",
    "scram",
  ]
  pruneopts = "UT"
  revision = "bc6a3c0594130b1e34005880bc600b6d3f49fa7f"
  version = "v1.1.1"

[[projects]]
  digest = "1:891f9c13236eb1b6d1abd4fe01e6c9be51bcc65f04da0dfa4bfdf356374e98c4"
  name = "github.com/mailru/easyjson"
  packages = [
    ".",
    "buffer",
    "jlexer",
    "jwriter",
  ]
  pruneopts = "UT"
  revision = "1b2b06f5f209fea48ff5922d8bfb2b9ed5d8f00b"
  version = "v0.7.0"

[[projects]]
  digest = "1:c658e84ad3916da105a761660dcaeb01e63416c8ec7bc62256a9b411a05fcd67"
  name = "github.com/mattn/go-colorable"
  packages = ["."]
  pruneopts = "UT"
  revision = "167de6bfdfba052fa6b2d3664c8f5272e23c9072"
  version = "v0.0.9"

[[projects]]
  digest = "1:9b90c7639a41697f3d4ad12d7d67dfacc9a7a4a6e0bbfae4fc72d0da57c28871"
  name = "github.com/mattn/go-isatty"
  packages = ["."]
  pruneopts = "UT"
  revision = "1311e847b0cb909da63b5fecfb5370aa66236465"
  version = "v0.0.8"

[[projects]]
  digest = "1:ff5ebae34cfbf047d505ee150de27e60570e8c394b3b8fdbb720ff6ac71985fc"
  name = "github.com/matttproud/golang_protobuf_extensions"
  packages = ["pbutil"]
  pruneopts = "UT"
  revision = "c12348ce28de40eed0136aa2b644d0ee0650e56c"
  version = "v1.0.1"

[[projects]]
  digest = "1:7c572c76f914b3d3f7d75ce752c3a6ac5ba03be1f775e4602a3f18d7b08ddbbb"
  name = "github.com/miekg/dns"
  packages = ["."]
  pruneopts = "UT"
  revision = "9cfcfb2209aecb663673bd44b11f71c215186b80"
  version = "v1.1.14"

[[projects]]
  branch = "master"
  digest = "1:0e1e5f960c58fdc677212fcc70e55042a0084d367623e51afbdb568963832f5d"
  name = "github.com/nu7hatch/gouuid"
  packages = ["."]
  pruneopts = "UT"
  revision = "179d4d0c4d8d407a32af483c2354df1d2c91e6c3"

[[projects]]
  branch = "master"
  digest = "1:41f3b549dbb8216e490c27926c09dc055aa509b3476e7cbc3317103990b13aeb"
  name = "github.com/op/go-logging"
  packages = ["."]
  pruneopts = "UT"
  revision = "970db520ece77730c7e4724c61121037378659d9"

[[projects]]
  digest = "1:cf31692c14422fa27c83a05292eb5cbe0fb2775972e8f1f8446a71549bd8980b"
  name = "github.com/pkg/errors"
  packages = ["."]
  pruneopts = "UT"
  revision = "ba968bfe8b2f7e042a574c888954fccecfa385b4"
  version = "v0.8.1"

[[projects]]
  digest = "1:eb04f69c8991e52eff33c428bd729e04208bf03235be88e4df0d88497c6861b9"
  name = "github.com/prometheus/client_golang"
  packages = [
    "prometheus",
    "prometheus/internal",
    "prometheus/promhttp",
  ]
  pruneopts = "UT"
  revision = "170205fb58decfd011f1550d4cfb737230d7ae4f"
  version = "v1.1.0"

[[projects]]
  branch = "master"
  digest = "1:2d5cd61daa5565187e1d96bae64dbbc6080dacf741448e9629c64fd93203b0d4"
  name = "github.com/prometheus/client_model"
  packages = ["go"]
  pruneopts = "UT"
  revision = "14fe0d1b01d4d5fc031dd4bec1823bd3ebbe8016"

[[projects]]
  digest = "1:f119e3205d3a1f0f19dbd7038eb37528e2c6f0933269dc344e305951fb87d632"
  name = "github.com/prometheus/common"
  packages = [
    "expfmt",
    "internal/bitbucket.org/ww/goautoneg",
    "model",
  ]
  pruneopts = "UT"
  revision = "287d3e634a1e550c9e463dd7e5a75a422c614505"
  version = "v0.7.0"

[[projects]]
  digest = "1:a210815b437763623ecca8eb91e6a0bf4f2d6773c5a6c9aec0e28f19e5fd6deb"
  name = "github.com/prometheus/procfs"
  packages = [
    ".",
    "internal/fs",
    "internal/util",
  ]
  pruneopts = "UT"
  revision = "499c85531f756d1129edd26485a5f73871eeb308"
  version = "v0.0.5"

[[projects]]
  branch = "master"
  digest = "1:77432084a3fb21be92ca28cdecf9a1e25cee113697a8a7d3c8640b3e2d823d8c"
  name = "github.com/qasaur/gremgo"
  packages = ["."]
  pruneopts = "UT"
  revision = "fa23ada7c5da27801a4c57e83ca1df451139a2f0"

[[projects]]
  branch = "master"
  digest = "1:dbfe572cc258e5bcf54cb650a06d90edd0da04e42ca1ed909cc1d49f00011c63"
  name = "github.com/robertkrimen/otto"
  packages = [
    ".",
    "ast",
    "dbg",
    "file",
    "parser",
    "registry",
    "token",
  ]
  pruneopts = "UT"
  revision = "15f95af6e78dcd2030d8195a138bd88d4f403546"

[[projects]]
  digest = "1:e09ada96a5a41deda4748b1659cc8953961799e798aea557257b56baee4ecaf3"
  name = "github.com/rogpeppe/go-internal"
  packages = [
    "modfile",
    "module",
    "semver",
  ]
  pruneopts = "UT"
  revision = "18d060b6b4f28350cb92f79d63b2f558e634dcea"
  version = "v1.3.2"

[[projects]]
  digest = "1:274f67cb6fed9588ea2521ecdac05a6d62a8c51c074c1fccc6a49a40ba80e925"
  name = "github.com/satori/go.uuid"
  packages = ["."]
  pruneopts = "UT"
  revision = "f58768cc1a7a7e77a3bd49e98cdd21419399b6a3"
  version = "v1.2.0"

[[projects]]
  digest = "1:e2933734cc52e2c304ed132ba5a8320ef21bee5022c67302abb3eeef83d6c515"
  name = "github.com/temoto/robotstxt"
  packages = ["."]
  pruneopts = "UT"
  revision = "3f668f68d41cf91350a4148f4fcb6720f1472428"
  version = "v1.1.1"

[[projects]]
  branch = "master"
  digest = "1:9a6dfa905b564401d57c87bcf9ea1cd26539431ec2d8db46d3a332ba93ca6de5"
  name = "github.com/tylertreat/BoomFilters"
  packages = ["."]
  pruneopts = "UT"
  revision = "611b3dbe80e85df3a0a10a43997d4d5784e86245"

[[projects]]
  branch = "master"
  digest = "1:d5891c5bca9c62e5d394ca26491d2b710a1dc08cedeb0ca8f9ac4c3305120b02"
  name = "golang.org/x/crypto"
  packages = [
    "ed25519",
    "ed25519/internal/edwards25519",
  ]
  pruneopts = "UT"
  revision = "5c40567a22f818bd14a1ea7245dad9f8ef0691aa"

[[projects]]
  branch = "master"
  digest = "1:cf50e47608ae4ec21e49ea0fb87669e73e8bd64a8cc52a74eb9f103ce69d4567"
  name = "golang.org/x/net"
  packages = [
    "bpf",
    "context",
    "context/ctxhttp",
    "html",
    "html/atom",
    "html/charset",
    "internal/iana",
    "internal/socket",
    "ipv4",
    "ipv6",
  ]
  pruneopts = "UT"
  revision = "d28f0bde5980168871434b95cfc858db9f2a7a99"

[[projects]]
  branch = "master"
  digest = "1:8d1c112fb1679fa097e9a9255a786ee47383fa2549a3da71bcb1334a693ebcfe"
  name = "golang.org/x/oauth2"
  packages = [
    ".",
    "internal",
  ]
  pruneopts = "UT"
  revision = "0f29369cfe4552d0e4bcddc57cc75f4d7e672a33"

[[projects]]
  branch = "master"
  digest = "1:3398992b8f4b00ce4a6a5f9770008cf66dcff8f128b51eeab8c1f657096cac8f"
  name = "golang.org/x/sys"
  packages = [
    "unix",
    "windows",
  ]
  pruneopts = "UT"
  revision = "15dcb6c0061f497a3f66e3ea034b629c6dd4d99e"

[[projects]]
  digest = "1:8a0baffd5559acaa560f854d7d525c02f4fec2d4f8a214398556fb661a10f6e0"
  name = "golang.org/x/text"
  packages = [
    "encoding",
    "encoding/charmap",
    "encoding/htmlindex",
    "encoding/internal",
    "encoding/internal/identifier",
    "encoding/japanese",
    "encoding/korean",
    "encoding/simplifiedchinese",
    "encoding/traditionalchinese",
    "encoding/unicode",
    "internal/gen",
    "internal/language",
    "internal/language/compact",
    "internal/tag",
    "internal/utf8internal",
    "language",
    "runes",
    "transform",
    "unicode/cldr",
  ]
  pruneopts = "UT"
  revision = "342b2e1fbaa52c93f31447ad2c6abc048c63e475"
  version = "v0.3.2"

[[projects]]
  digest = "1:6eb6e3b6d9fffb62958cf7f7d88dbbe1dd6839436b0802e194c590667a40412a"
  name = "google.golang.org/appengine"
  packages = [
    "internal",
    "internal/base",
    "internal/datastore",
    "internal/log",
    "internal/remote_api",
    "internal/urlfetch",
    "urlfetch",
  ]
  pruneopts = "UT"
  revision = "b2f4a3cf3c67576a2ee09e1fe62656a5086ce880"
  version = "v1.6.1"

[[projects]]
  digest = "1:9935525a8c49b8434a0b0a54e1980e94a6fae73aaff45c5d33ba8dff69de123e"
  name = "gopkg.in/sourcemap.v1"
  packages = [
    ".",
    "base64vlq",
  ]
  pruneopts = "UT"
  revision = "6e83acea0053641eff084973fee085f0c193c61a"
  version = "v1.0.5"

[solve-meta]
  analyzer-name = "dep"
  analyzer-version = 1
  input-imports = [
    "github.com/OWASP/Amass/enum",
    "github.com/nu7hatch/gouuid",
    "github.com/op/go-logging",
  ]
  solver-name = "gps-cdcl"
  solver-version = 1
